// !$*UTF8*$!
{
	archiveVersion = 1;
	classes = {
	};
	objectVersion = 55;
	objects = {

/* Begin PBXBuildFile section */
		22AA3BE62822F90700AFF363 /* Lesson_3_5_Contact_ListApp.swift in Sources */ = {isa = PBXBuildFile; fileRef = 22AA3BE52822F90700AFF363 /* Lesson_3_5_Contact_ListApp.swift */; };
		22AA3BE82822F90700AFF363 /* ContentView.swift in Sources */ = {isa = PBXBuildFile; fileRef = 22AA3BE72822F90700AFF363 /* ContentView.swift */; };
		22AA3BEA2822F90800AFF363 /* Assets.xcassets in Resources */ = {isa = PBXBuildFile; fileRef = 22AA3BE92822F90800AFF363 /* Assets.xcassets */; };
		22AA3BED2822F90900AFF363 /* Preview Assets.xcassets in Resources */ = {isa = PBXBuildFile; fileRef = 22AA3BEC2822F90900AFF363 /* Preview Assets.xcassets */; };
		22AA3BF42822F96F00AFF363 /* DataManager.swift in Sources */ = {isa = PBXBuildFile; fileRef = 22AA3BF32822F96F00AFF363 /* DataManager.swift */; };
		22AA3BF62822FAD400AFF363 /* PersonModel.swift in Sources */ = {isa = PBXBuildFile; fileRef = 22AA3BF52822FAD400AFF363 /* PersonModel.swift */; };
		22AA3BFA2823090500AFF363 /* PersonDetails.swift in Sources */ = {isa = PBXBuildFile; fileRef = 22AA3BF92823090500AFF363 /* PersonDetails.swift */; };
		22AB88CC2823A383004EAA97 /* ListInfoRow.swift in Sources */ = {isa = PBXBuildFile; fileRef = 22AB88CB2823A383004EAA97 /* ListInfoRow.swift */; };
		22BC79272823F5640020DFC1 /* ContactList.swift in Sources */ = {isa = PBXBuildFile; fileRef = 22BC79262823F5640020DFC1 /* ContactList.swift */; };
		22BC79292823F5FA0020DFC1 /* ExtendedContactList.swift in Sources */ = {isa = PBXBuildFile; fileRef = 22BC79282823F5FA0020DFC1 /* ExtendedContactList.swift */; };
/* End PBXBuildFile section */

/* Begin PBXFileReference section */
		22AA3BE22822F90700AFF363 /* Lesson 3.5 Contact List.app */ = {isa = PBXFileReference; explicitFileType = wrapper.application; includeInIndex = 0; path = "Lesson 3.5 Contact List.app"; sourceTree = BUILT_PRODUCTS_DIR; };
		22AA3BE52822F90700AFF363 /* Lesson_3_5_Contact_ListApp.swift */ = {isa = PBXFileReference; lastKnownFileType = sourcecode.swift; path = Lesson_3_5_Contact_ListApp.swift; sourceTree = "<group>"; };
		22AA3BE72822F90700AFF363 /* ContentView.swift */ = {isa = PBXFileReference; lastKnownFileType = sourcecode.swift; path = ContentView.swift; sourceTree = "<group>"; };
		22AA3BE92822F90800AFF363 /* Assets.xcassets */ = {isa = PBXFileReference; lastKnownFileType = folder.assetcatalog; path = Assets.xcassets; sourceTree = "<group>"; };
		22AA3BEC2822F90900AFF363 /* Preview Assets.xcassets */ = {isa = PBXFileReference; lastKnownFileType = folder.assetcatalog; path = "Preview Assets.xcassets"; sourceTree = "<group>"; };
		22AA3BF32822F96F00AFF363 /* DataManager.swift */ = {isa = PBXFileReference; lastKnownFileType = sourcecode.swift; path = DataManager.swift; sourceTree = "<group>"; };
		22AA3BF52822FAD400AFF363 /* PersonModel.swift */ = {isa = PBXFileReference; lastKnownFileType = sourcecode.swift; path = PersonModel.swift; sourceTree = "<group>"; };
		22AA3BF92823090500AFF363 /* PersonDetails.swift */ = {isa = PBXFileReference; lastKnownFileType = sourcecode.swift; path = PersonDetails.swift; sourceTree = "<group>"; };
		22AB88CB2823A383004EAA97 /* ListInfoRow.swift */ = {isa = PBXFileReference; lastKnownFileType = sourcecode.swift; path = ListInfoRow.swift; sourceTree = "<group>"; };
		22BC79262823F5640020DFC1 /* ContactList.swift */ = {isa = PBXFileReference; lastKnownFileType = sourcecode.swift; path = ContactList.swift; sourceTree = "<group>"; };
		22BC79282823F5FA0020DFC1 /* ExtendedContactList.swift */ = {isa = PBXFileReference; lastKnownFileType = sourcecode.swift; path = ExtendedContactList.swift; sourceTree = "<group>"; };
/* End PBXFileReference section */

/* Begin PBXFrameworksBuildPhase section */
		22AA3BDF2822F90700AFF363 /* Frameworks */ = {
			isa = PBXFrameworksBuildPhase;
			buildActionMask = 2147483647;
			files = (
			);
			runOnlyForDeploymentPostprocessing = 0;
		};
/* End PBXFrameworksBuildPhase section */

/* Begin PBXGroup section */
		22AA3BD92822F90700AFF363 = {
			isa = PBXGroup;
			children = (
				22AA3BE42822F90700AFF363 /* Lesson 3.5 Contact List */,
				22AA3BE32822F90700AFF363 /* Products */,
			);
			sourceTree = "<group>";
		};
		22AA3BE32822F90700AFF363 /* Products */ = {
			isa = PBXGroup;
			children = (
				22AA3BE22822F90700AFF363 /* Lesson 3.5 Contact List.app */,
			);
			name = Products;
			sourceTree = "<group>";
		};
		22AA3BE42822F90700AFF363 /* Lesson 3.5 Contact List */ = {
			isa = PBXGroup;
			children = (
				22AA3BE52822F90700AFF363 /* Lesson_3_5_Contact_ListApp.swift */,
				22AA3BF52822FAD400AFF363 /* PersonModel.swift */,
				22AA3BF32822F96F00AFF363 /* DataManager.swift */,
				22AA3BE72822F90700AFF363 /* ContentView.swift */,
				22BC79262823F5640020DFC1 /* ContactList.swift */,
				22AA3BF92823090500AFF363 /* PersonDetails.swift */,
				22AB88CB2823A383004EAA97 /* ListInfoRow.swift */,
				22BC79282823F5FA0020DFC1 /* ExtendedContactList.swift */,
				22AA3BE92822F90800AFF363 /* Assets.xcassets */,
				22AA3BEB2822F90900AFF363 /* Preview Content */,
			);
			path = "Lesson 3.5 Contact List";
			sourceTree = "<group>";
		};
		22AA3BEB2822F90900AFF363 /* Preview Content */ = {
			isa = PBXGroup;
			children = (
				22AA3BEC2822F90900AFF363 /* Preview Assets.xcassets */,
			);
			path = "Preview Content";
			sourceTree = "<group>";
		};
/* End PBXGroup section */

/* Begin PBXNativeTarget section */
		22AA3BE12822F90700AFF363 /* Lesson 3.5 Contact List */ = {
			isa = PBXNativeTarget;
			buildConfigurationList = 22AA3BF02822F90900AFF363 /* Build configuration list for PBXNativeTarget "Lesson 3.5 Contact List" */;
			buildPhases = (
				22AA3BDE2822F90700AFF363 /* Sources */,
				22AA3BDF2822F90700AFF363 /* Frameworks */,
				22AA3BE02822F90700AFF363 /* Resources */,
			);
			buildRules = (
			);
			dependencies = (
			);
			name = "Lesson 3.5 Contact List";
			productName = "Lesson 3.5 Contact List";
			productReference = 22AA3BE22822F90700AFF363 /* Lesson 3.5 Contact List.app */;
			productType = "com.apple.product-type.application";
		};
/* End PBXNativeTarget section */

/* Begin PBXProject section */
		22AA3BDA2822F90700AFF363 /* Project object */ = {
			isa = PBXProject;
			attributes = {
				BuildIndependentTargetsInParallel = 1;
				LastSwiftUpdateCheck = 1330;
				LastUpgradeCheck = 1330;
				TargetAttributes = {
					22AA3BE12822F90700AFF363 = {
						CreatedOnToolsVersion = 13.3.1;
					};
				};
			};
			buildConfigurationList = 22AA3BDD2822F90700AFF363 /* Build configuration list for PBXProject "Lesson 3.5 Contact List" */;
			compatibilityVersion = "Xcode 13.0";
			developmentRegion = en;
			hasScannedForEncodings = 0;
			knownRegions = (
				en,
				Base,
			);
			mainGroup = 22AA3BD92822F90700AFF363;
			productRefGroup = 22AA3BE32822F90700AFF363 /* Products */;
			projectDirPath = "";
			projectRoot = "";
			targets = (
				22AA3BE12822F90700AFF363 /* Lesson 3.5 Contact List */,
			);
		};
/* End PBXProject section */

/* Begin PBXResourcesBuildPhase section */
		22AA3BE02822F90700AFF363 /* Resources */ = {
			isa = PBXResourcesBuildPhase;
			buildActionMask = 2147483647;
			files = (
				22AA3BED2822F90900AFF363 /* Preview Assets.xcassets in Resources */,
				22AA3BEA2822F90800AFF363 /* Assets.xcassets in Resources */,
			);
			runOnlyForDeploymentPostprocessing = 0;
		};
/* End PBXResourcesBuildPhase section */

/* Begin PBXSourcesBuildPhase section */
		22AA3BDE2822F90700AFF363 /* Sources */ = {
			isa = PBXSourcesBuildPhase;
			buildActionMask = 2147483647;
			files = (
				22AA3BF62822FAD400AFF363 /* PersonModel.swift in Sources */,
				22AA3BE82822F90700AFF363 /* ContentView.swift in Sources */,
				22AA3BF42822F96F00AFF363 /* DataManager.swift in Sources */,
				22AA3BE62822F90700AFF363 /* Lesson_3_5_Contact_ListApp.swift in Sources */,
				22BC79272823F5640020DFC1 /* ContactList.swift in Sources */,
				22BC79292823F5FA0020DFC1 /* ExtendedContactList.swift in Sources */,
				22AB88CC2823A383004EAA97 /* ListInfoRow.swift in Sources */,
				22AA3BFA2823090500AFF363 /* PersonDetails.swift in Sources */,
			);
			runOnlyForDeploymentPostprocessing = 0;
		};
/* End PBXSourcesBuildPhase section */

/* Begin XCBuildConfiguration section */
		22AA3BEE2822F90900AFF363 /* Debug */ = {
			isa = XCBuildConfiguration;
			buildSettings = {
				ALWAYS_SEARCH_USER_PATHS = NO;
				CLANG_ANALYZER_NONNULL = YES;
				CLANG_ANALYZER_NUMBER_OBJECT_CONVERSION = YES_AGGRESSIVE;
				CLANG_CXX_LANGUAGE_STANDARD = "gnu++17";
				CLANG_ENABLE_MODULES = YES;
				CLANG_ENABLE_OBJC_ARC = YES;
				CLANG_ENABLE_OBJC_WEAK = YES;
				CLANG_WARN_BLOCK_CAPTURE_AUTORELEASING = YES;
				CLANG_WARN_BOOL_CONVERSION = YES;
				CLANG_WARN_COMMA = YES;
				CLANG_WARN_CONSTANT_CONVERSION = YES;
				CLANG_WARN_DEPRECATED_OBJC_IMPLEMENTATIONS = YES;
				CLANG_WARN_DIRECT_OBJC_ISA_USAGE = YES_ERROR;
				CLANG_WARN_DOCUMENTATION_COMMENTS = YES;
				CLANG_WARN_EMPTY_BODY = YES;
				CLANG_WARN_ENUM_CONVERSION = YES;
				CLANG_WARN_INFINITE_RECURSION = YES;
				CLANG_WARN_INT_CONVERSION = YES;
				CLANG_WARN_NON_LITERAL_NULL_CONVERSION = YES;
				CLANG_WARN_OBJC_IMPLICIT_RETAIN_SELF = YES;
				CLANG_WARN_OBJC_LITERAL_CONVERSION = YES;
				CLANG_WARN_OBJC_ROOT_CLASS = YES_ERROR;
				CLANG_WARN_QUOTED_INCLUDE_IN_FRAMEWORK_HEADER = YES;
				CLANG_WARN_RANGE_LOOP_ANALYSIS = YES;
				CLANG_WARN_STRICT_PROTOTYPES = YES;
				CLANG_WARN_SUSPICIOUS_MOVE = YES;
				CLANG_WARN_UNGUARDED_AVAILABILITY = YES_AGGRESSIVE;
				CLANG_WARN_UNREACHABLE_CODE = YES;
				CLANG_WARN__DUPLICATE_METHOD_MATCH = YES;
				COPY_PHASE_STRIP = NO;
				DEBUG_INFORMATION_FORMAT = dwarf;
				ENABLE_STRICT_OBJC_MSGSEND = YES;
				ENABLE_TESTABILITY = YES;
				GCC_C_LANGUAGE_STANDARD = gnu11;
				GCC_DYNAMIC_NO_PIC = NO;
				GCC_NO_COMMON_BLOCKS = YES;
				GCC_OPTIMIZATION_LEVEL = 0;
				GCC_PREPROCESSOR_DEFINITIONS = (
					"DEBUG=1",
					"$(inherited)",
				);
				GCC_WARN_64_TO_32_BIT_CONVERSION = YES;
				GCC_WARN_ABOUT_RETURN_TYPE = YES_ERROR;
				GCC_WARN_UNDECLARED_SELECTOR = YES;
				GCC_WARN_UNINITIALIZED_AUTOS = YES_AGGRESSIVE;
				GCC_WARN_UNUSED_FUNCTION = YES;
				GCC_WARN_UNUSED_VARIABLE = YES;
				IPHONEOS_DEPLOYMENT_TARGET = 15.4;
				MTL_ENABLE_DEBUG_INFO = INCLUDE_SOURCE;
				MTL_FAST_MATH = YES;
				ONLY_ACTIVE_ARCH = YES;
				SDKROOT = iphoneos;
				SWIFT_ACTIVE_COMPILATION_CONDITIONS = DEBUG;
				SWIFT_OPTIMIZATION_LEVEL = "-Onone";
			};
			name = Debug;
		};
		22AA3BEF2822F90900AFF363 /* Release */ = {
			isa = XCBuildConfiguration;
			buildSettings = {
				ALWAYS_SEARCH_USER_PATHS = NO;
				CLANG_ANALYZER_NONNULL = YES;
				CLANG_ANALYZER_NUMBER_OBJECT_CONVERSION = YES_AGGRESSIVE;
				CLANG_CXX_LANGUAGE_STANDARD = "gnu++17";
				CLANG_ENABLE_MODULES = YES;
				CLANG_ENABLE_OBJC_ARC = YES;
				CLANG_ENABLE_OBJC_WEAK = YES;
				CLANG_WARN_BLOCK_CAPTURE_AUTORELEASING = YES;
				CLANG_WARN_BOOL_CONVERSION = YES;
				CLANG_WARN_COMMA = YES;
				CLANG_WARN_CONSTANT_CONVERSION = YES;
				CLANG_WARN_DEPRECATED_OBJC_IMPLEMENTATIONS = YES;
				CLANG_WARN_DIRECT_OBJC_ISA_USAGE = YES_ERROR;
				CLANG_WARN_DOCUMENTATION_COMMENTS = YES;
				CLANG_WARN_EMPTY_BODY = YES;
				CLANG_WARN_ENUM_CONVERSION = YES;
				CLANG_WARN_INFINITE_RECURSION = YES;
				CLANG_WARN_INT_CONVERSION = YES;
				CLANG_WARN_NON_LITERAL_NULL_CONVERSION = YES;
				CLANG_WARN_OBJC_IMPLICIT_RETAIN_SELF = YES;
				CLANG_WARN_OBJC_LITERAL_CONVERSION = YES;
				CLANG_WARN_OBJC_ROOT_CLASS = YES_ERROR;
				CLANG_WARN_QUOTED_INCLUDE_IN_FRAMEWORK_HEADER = YES;
				CLANG_WARN_RANGE_LOOP_ANALYSIS = YES;
				CLANG_WARN_STRICT_PROTOTYPES = YES;
				CLANG_WARN_SUSPICIOUS_MOVE = YES;
				CLANG_WARN_UNGUARDED_AVAILABILITY = YES_AGGRESSIVE;
				CLANG_WARN_UNREACHABLE_CODE = YES;
				CLANG_WARN__DUPLICATE_METHOD_MATCH = YES;
				COPY_PHASE_STRIP = NO;
				DEBUG_INFORMATION_FORMAT = "dwarf-with-dsym";
				ENABLE_NS_ASSERTIONS = NO;
				ENABLE_STRICT_OBJC_MSGSEND = YES;
				GCC_C_LANGUAGE_STANDARD = gnu11;
				GCC_NO_COMMON_BLOCKS = YES;
				GCC_WARN_64_TO_32_BIT_CONVERSION = YES;
				GCC_WARN_ABOUT_RETURN_TYPE = YES_ERROR;
				GCC_WARN_UNDECLARED_SELECTOR = YES;
				GCC_WARN_UNINITIALIZED_AUTOS = YES_AGGRESSIVE;
				GCC_WARN_UNUSED_FUNCTION = YES;
				GCC_WARN_UNUSED_VARIABLE = YES;
				IPHONEOS_DEPLOYMENT_TARGET = 15.4;
				MTL_ENABLE_DEBUG_INFO = NO;
				MTL_FAST_MATH = YES;
				SDKROOT = iphoneos;
				SWIFT_COMPILATION_MODE = wholemodule;
				SWIFT_OPTIMIZATION_LEVEL = "-O";
				VALIDATE_PRODUCT = YES;
			};
			name = Release;
		};
		22AA3BF12822F90900AFF363 /* Debug */ = {
			isa = XCBuildConfiguration;
			buildSettings = {
				ASSETCATALOG_COMPILER_APPICON_NAME = AppIcon;
				ASSETCATALOG_COMPILER_GLOBAL_ACCENT_COLOR_NAME = AccentColor;
				CODE_SIGN_STYLE = Automatic;
				CURRENT_PROJECT_VERSION = 1;
				DEVELOPMENT_ASSET_PATHS = "\"Lesson 3.5 Contact List/Preview Content\"";
				DEVELOPMENT_TEAM = PW697ZQRTK;
				ENABLE_PREVIEWS = YES;
				GENERATE_INFOPLIST_FILE = YES;
				INFOPLIST_KEY_UIApplicationSceneManifest_Generation = YES;
				INFOPLIST_KEY_UIApplicationSupportsIndirectInputEvents = YES;
				INFOPLIST_KEY_UILaunchScreen_Generation = YES;
				INFOPLIST_KEY_UISupportedInterfaceOrientations_iPad = "UIInterfaceOrientationPortrait UIInterfaceOrientationPortraitUpsideDown UIInterfaceOrientationLandscapeLeft UIInterfaceOrientationLandscapeRight";
				INFOPLIST_KEY_UISupportedInterfaceOrientations_iPhone = "UIInterfaceOrientationPortrait UIInterfaceOrientationLandscapeLeft UIInterfaceOrientationLandscapeRight";
				LD_RUNPATH_SEARCH_PATHS = (
					"$(inherited)",
					"@executable_path/Frameworks",
				);
				MARKETING_VERSION = 1.0;
				PRODUCT_BUNDLE_IDENTIFIER = "andreev.Lesson-3-5-Contact-List";
				PRODUCT_NAME = "$(TARGET_NAME)";
				SWIFT_EMIT_LOC_STRINGS = YES;
				SWIFT_VERSION = 5.0;
				TARGETED_DEVICE_FAMILY = "1,2";
			};
			name = Debug;
		};
		22AA3BF22822F90900AFF363 /* Release */ = {
			isa = XCBuildConfiguration;
			buildSettings = {
				ASSETCATALOG_COMPILER_APPICON_NAME = AppIcon;
				ASSETCATALOG_COMPILER_GLOBAL_ACCENT_COLOR_NAME = AccentColor;
				CODE_SIGN_STYLE = Automatic;
				CURRENT_PROJECT_VERSION = 1;
				DEVELOPMENT_ASSET_PATHS = "\"Lesson 3.5 Contact List/Preview Content\"";
				DEVELOPMENT_TEAM = PW697ZQRTK;
				ENABLE_PREVIEWS = YES;
				GENERATE_INFOPLIST_FILE = YES;
				INFOPLIST_KEY_UIApplicationSceneManifest_Generation = YES;
				INFOPLIST_KEY_UIApplicationSupportsIndirectInputEvents = YES;
				INFOPLIST_KEY_UILaunchScreen_Generation = YES;
				INFOPLIST_KEY_UISupportedInterfaceOrientations_iPad = "UIInterfaceOrientationPortrait UIInterfaceOrientationPortraitUpsideDown UIInterfaceOrientationLandscapeLeft UIInterfaceOrientationLandscapeRight";
				INFOPLIST_KEY_UISupportedInterfaceOrientations_iPhone = "UIInterfaceOrientationPortrait UIInterfaceOrientationLandscapeLeft UIInterfaceOrientationLandscapeRight";
				LD_RUNPATH_SEARCH_PATHS = (
					"$(inherited)",
					"@executable_path/Frameworks",
				);
				MARKETING_VERSION = 1.0;
				PRODUCT_BUNDLE_IDENTIFIER = "andreev.Lesson-3-5-Contact-List";
				PRODUCT_NAME = "$(TARGET_NAME)";
				SWIFT_EMIT_LOC_STRINGS = YES;
				SWIFT_VERSION = 5.0;
				TARGETED_DEVICE_FAMILY = "1,2";
			};
			name = Release;
		};
/* End XCBuildConfiguration section */

/* Begin XCConfigurationList section */
		22AA3BDD2822F90700AFF363 /* Build configuration list for PBXProject "Lesson 3.5 Contact List" */ = {
			isa = XCConfigurationList;
			buildConfigurations = (
				22AA3BEE2822F90900AFF363 /* Debug */,
				22AA3BEF2822F90900AFF363 /* Release */,
			);
			defaultConfigurationIsVisible = 0;
			defaultConfigurationName = Release;
		};
		22AA3BF02822F90900AFF363 /* Build configuration list for PBXNativeTarget "Lesson 3.5 Contact List" */ = {
			isa = XCConfigurationList;
			buildConfigurations = (
				22AA3BF12822F90900AFF363 /* Debug */,
				22AA3BF22822F90900AFF363 /* Release */,
			);
			defaultConfigurationIsVisible = 0;
			defaultConfigurationName = Release;
		};
/* End XCConfigurationList section */
	};
	rootObject = 22AA3BDA2822F90700AFF363 /* Project object */;
}
